
Microsoft Visual Studio Solution File, Format Version 12.00
# Visual Studio 15
VisualStudioVersion = 15.0.27428.2037
MinimumVisualStudioVersion = 10.0.40219.1
Project("{FAE04EC0-301F-11D3-BF4B-00C04F79EFBC}") = "AndroidApp5", "AndroidApp5\AndroidApp5.csproj", "{C56F0C71-7A41-4E13-A284-76E6FE1B9F41}"
EndProject
Global
	GlobalSection(SolutionConfigurationPlatforms) = preSolution
		Debug|Any CPU = Debug|Any CPU
		Release|Any CPU = Release|Any CPU
	EndGlobalSection
	GlobalSection(ProjectConfigurationPlatforms) = postSolution
		{C56F0C71-7A41-4E13-A284-76E6FE1B9F41}.Debug|Any CPU.ActiveCfg = Debug|Any CPU
		{C56F0C71-7A41-4E13-A284-76E6FE1B9F41}.Debug|Any CPU.Build.0 = Debug|Any CPU
		{C56F0C71-7A41-4E13-A284-76E6FE1B9F41}.Debug|Any CPU.Deploy.0 = Debug|Any CPU
		{C56F0C71-7A41-4E13-A284-76E6FE1B9F41}.Release|Any CPU.ActiveCfg = Release|Any CPU
		{C56F0C71-7A41-4E13-A284-76E6FE1B9F41}.Release|Any CPU.Build.0 = Release|Any CPU
		{C56F0C71-7A41-4E13-A284-76E6FE1B9F41}.Release|Any CPU.Deploy.0 = Release|Any CPU
	EndGlobalSection
	GlobalSection(SolutionProperties) = preSolution
		HideSolutionNode = FALSE
	EndGlobalSection
	GlobalSection(ExtensibilityGlobals) = postSolution
		SolutionGuid = {83B906DE-1E27-4B23-83B1-21DC2E009AD0}
	EndGlobalSection
EndGlobal
